
Microsoft Visual Studio Solution File, Format Version 12.00
# Visual Studio Version 17
VisualStudioVersion = 17.14.37012.4 d17.14
MinimumVisualStudioVersion = 10.0.40219.1
Project("{FAE04EC0-301F-11D3-BF4B-00C04F79EFBC}") = "TourGuideAPI", "TourGuideAPI\TourGuideAPI.csproj", "{6AF3FD7E-20FC-44C1-ACAD-E18FED854BBD}"
EndProject
Global
	GlobalSection(SolutionConfigurationPlatforms) = preSolution
		Debug|Any CPU = Debug|Any CPU
		Release|Any CPU = Release|Any CPU
	EndGlobalSection
	GlobalSection(ProjectConfigurationPlatforms) = postSolution
		{6AF3FD7E-20FC-44C1-ACAD-E18FED854BBD}.Debug|Any CPU.ActiveCfg = Debug|Any CPU
		{6AF3FD7E-20FC-44C1-ACAD-E18FED854BBD}.Debug|Any CPU.Build.0 = Debug|Any CPU
		{6AF3FD7E-20FC-44C1-ACAD-E18FED854BBD}.Release|Any CPU.ActiveCfg = Release|Any CPU
		{6AF3FD7E-20FC-44C1-ACAD-E18FED854BBD}.Release|Any CPU.Build.0 = Release|Any CPU
	EndGlobalSection
	GlobalSection(SolutionProperties) = preSolution
		HideSolutionNode = FALSE
	EndGlobalSection
	GlobalSection(ExtensibilityGlobals) = postSolution
		SolutionGuid = {EA3E3098-1D07-49F9-8229-54DD32AB0113}
	EndGlobalSection
EndGlobal
